
Microsoft Visual Studio Solution File, Format Version 12.00
# Visual Studio 14
VisualStudioVersion = 14.0.25420.1
MinimumVisualStudioVersion = 10.0.40219.1
Project("{F2A71F9B-5D33-465A-A702-920D77279786}") = "OwinNtlmSignalR", "OwinNtlmSignalR\OwinNtlmSignalR.fsproj", "{681597DA-4CB2-4135-8A96-20D2E39D69A5}"
EndProject
Project("{2150E333-8FDC-42A3-9474-1A3956D46DE8}") = "Solution Items", "Solution Items", "{7D0E07E4-D4F9-459F-86A6-9375112F46D9}"
	ProjectSection(SolutionItems) = preProject
		paket.dependencies = paket.dependencies
	EndProjectSection
EndProject
Global
	GlobalSection(SolutionConfigurationPlatforms) = preSolution
		Debug|Any CPU = Debug|Any CPU
		Release|Any CPU = Release|Any CPU
	EndGlobalSection
	GlobalSection(ProjectConfigurationPlatforms) = postSolution
		{681597DA-4CB2-4135-8A96-20D2E39D69A5}.Debug|Any CPU.ActiveCfg = Debug|Any CPU
		{681597DA-4CB2-4135-8A96-20D2E39D69A5}.Debug|Any CPU.Build.0 = Debug|Any CPU
		{681597DA-4CB2-4135-8A96-20D2E39D69A5}.Release|Any CPU.ActiveCfg = Release|Any CPU
		{681597DA-4CB2-4135-8A96-20D2E39D69A5}.Release|Any CPU.Build.0 = Release|Any CPU
	EndGlobalSection
	GlobalSection(SolutionProperties) = preSolution
		HideSolutionNode = FALSE
	EndGlobalSection
EndGlobal
